PODS:
  - AFNetworking (3.2.1):
    - AFNetworking/NSURLSession (= 3.2.1)
    - AFNetworking/Reachability (= 3.2.1)
    - AFNetworking/Security (= 3.2.1)
    - AFNetworking/Serialization (= 3.2.1)
    - AFNetworking/UIKit (= 3.2.1)
  - AFNetworking/NSURLSession (3.2.1):
    - AFNetworking/Reachability
    - AFNetworking/Security
    - AFNetworking/Serialization
  - AFNetworking/Reachability (3.2.1)
  - AFNetworking/Security (3.2.1)
  - AFNetworking/Serialization (3.2.1)
  - AFNetworking/UIKit (3.2.1):
    - AFNetworking/NSURLSession
  - RACAFNetworking (2.0):
    - AFNetworking (> 3)
    - ReactiveObjC (> 3)
  - ReactiveObjC (3.1.0)

DEPENDENCIES:
  - RACAFNetworking

SPEC REPOS:
  https://github.com/cocoapods/specs.git:
    - AFNetworking
    - RACAFNetworking
    - ReactiveObjC

SPEC CHECKSUMS:
  AFNetworking: b6f891fdfaed196b46c7a83cf209e09697b94057
  RACAFNetworking: 2731bd9f20effaadd07bbb607dd141803fe525a2
  ReactiveObjC: 2a38ea15335de4119d8b17caf1db1484f61db902

PODFILE CHECKSUM: eeb3cab188236ea31b2de32d79bdbaac8a3d1d5e

COCOAPODS: 1.5.3
